// !$*UTF8*$!
{
	archiveVersion = 1;
	classes = {
	};
	objectVersion = 50;
	objects = {

/* Begin PBXBuildFile section */
		7E51A7FA2616735D000514CB /* Task.swift in Sources */ = {isa = PBXBuildFile; fileRef = 7E51A7F92616735D000514CB /* Task.swift */; };
		7E51A7FD26167890000514CB /* Extensions.swift in Sources */ = {isa = PBXBuildFile; fileRef = 7E51A7FC26167890000514CB /* Extensions.swift */; };
		7E51A80026170D87000514CB /* FolderModel.swift in Sources */ = {isa = PBXBuildFile; fileRef = 7E51A7FF26170D87000514CB /* FolderModel.swift */; };
		7E51A80426170D92000514CB /* DataBaseLayer+ResultControllerDelegate.swift in Sources */ = {isa = PBXBuildFile; fileRef = 7E51A80326170D92000514CB /* DataBaseLayer+ResultControllerDelegate.swift */; };
		7E51A80E2618AED6000514CB /* TaskListViewController.swift in Sources */ = {isa = PBXBuildFile; fileRef = 7E51A80D2618AED6000514CB /* TaskListViewController.swift */; };
		7E51A8112618C72B000514CB /* AlertViewController.swift in Sources */ = {isa = PBXBuildFile; fileRef = 7E51A8102618C72B000514CB /* AlertViewController.swift */; };
		7E51A8142618E853000514CB /* ModelTaskList.swift in Sources */ = {isa = PBXBuildFile; fileRef = 7E51A8132618E853000514CB /* ModelTaskList.swift */; };
		7E51A818261911EC000514CB /* DatabaseLayerTaskList.swift in Sources */ = {isa = PBXBuildFile; fileRef = 7E51A817261911EC000514CB /* DatabaseLayerTaskList.swift */; };
		7E51A8222619B764000514CB /* TaskCell.swift in Sources */ = {isa = PBXBuildFile; fileRef = 7E51A8202619B764000514CB /* TaskCell.swift */; };
		7E51A8232619B764000514CB /* TaskCell.xib in Resources */ = {isa = PBXBuildFile; fileRef = 7E51A8212619B764000514CB /* TaskCell.xib */; };
		7E70E9CF26166BFC00AF96D6 /* AppDelegate.swift in Sources */ = {isa = PBXBuildFile; fileRef = 7E70E9CE26166BFC00AF96D6 /* AppDelegate.swift */; };
		7E70E9D126166BFC00AF96D6 /* SceneDelegate.swift in Sources */ = {isa = PBXBuildFile; fileRef = 7E70E9D026166BFC00AF96D6 /* SceneDelegate.swift */; };
		7E70E9D326166BFC00AF96D6 /* FolderViewController.swift in Sources */ = {isa = PBXBuildFile; fileRef = 7E70E9D226166BFC00AF96D6 /* FolderViewController.swift */; };
		7E70E9D626166BFC00AF96D6 /* Main.storyboard in Resources */ = {isa = PBXBuildFile; fileRef = 7E70E9D426166BFC00AF96D6 /* Main.storyboard */; };
		7E70E9D826166BFD00AF96D6 /* Assets.xcassets in Resources */ = {isa = PBXBuildFile; fileRef = 7E70E9D726166BFD00AF96D6 /* Assets.xcassets */; };
		7E70E9DB26166BFD00AF96D6 /* LaunchScreen.storyboard in Resources */ = {isa = PBXBuildFile; fileRef = 7E70E9D926166BFD00AF96D6 /* LaunchScreen.storyboard */; };
		7E70E9E626166C1D00AF96D6 /* modelData.xcdatamodeld in Sources */ = {isa = PBXBuildFile; fileRef = 7E70E9E426166C1D00AF96D6 /* modelData.xcdatamodeld */; };
		7E861AE02616718B00C75C41 /* Folder.swift in Sources */ = {isa = PBXBuildFile; fileRef = 7E861ADF2616718B00C75C41 /* Folder.swift */; };
/* End PBXBuildFile section */

/* Begin PBXFileReference section */
		7E51A7F92616735D000514CB /* Task.swift */ = {isa = PBXFileReference; lastKnownFileType = sourcecode.swift; path = Task.swift; sourceTree = "<group>"; };
		7E51A7FC26167890000514CB /* Extensions.swift */ = {isa = PBXFileReference; lastKnownFileType = sourcecode.swift; path = Extensions.swift; sourceTree = "<group>"; };
		7E51A7FF26170D87000514CB /* FolderModel.swift */ = {isa = PBXFileReference; lastKnownFileType = sourcecode.swift; path = FolderModel.swift; sourceTree = "<group>"; };
		7E51A80326170D92000514CB /* DataBaseLayer+ResultControllerDelegate.swift */ = {isa = PBXFileReference; lastKnownFileType = sourcecode.swift; path = "DataBaseLayer+ResultControllerDelegate.swift"; sourceTree = "<group>"; };
		7E51A80D2618AED6000514CB /* TaskListViewController.swift */ = {isa = PBXFileReference; lastKnownFileType = sourcecode.swift; path = TaskListViewController.swift; sourceTree = "<group>"; };
		7E51A8102618C72B000514CB /* AlertViewController.swift */ = {isa = PBXFileReference; lastKnownFileType = sourcecode.swift; path = AlertViewController.swift; sourceTree = "<group>"; };
		7E51A8132618E853000514CB /* ModelTaskList.swift */ = {isa = PBXFileReference; lastKnownFileType = sourcecode.swift; path = ModelTaskList.swift; sourceTree = "<group>"; };
		7E51A817261911EC000514CB /* DatabaseLayerTaskList.swift */ = {isa = PBXFileReference; lastKnownFileType = sourcecode.swift; path = DatabaseLayerTaskList.swift; sourceTree = "<group>"; };
		7E51A8202619B764000514CB /* TaskCell.swift */ = {isa = PBXFileReference; lastKnownFileType = sourcecode.swift; path = TaskCell.swift; sourceTree = "<group>"; };
		7E51A8212619B764000514CB /* TaskCell.xib */ = {isa = PBXFileReference; lastKnownFileType = file.xib; path = TaskCell.xib; sourceTree = "<group>"; };
		7E70E9CB26166BFC00AF96D6 /* ToDoDatabase.app */ = {isa = PBXFileReference; explicitFileType = wrapper.application; includeInIndex = 0; path = ToDoDatabase.app; sourceTree = BUILT_PRODUCTS_DIR; };
		7E70E9CE26166BFC00AF96D6 /* AppDelegate.swift */ = {isa = PBXFileReference; lastKnownFileType = sourcecode.swift; path = AppDelegate.swift; sourceTree = "<group>"; };
		7E70E9D026166BFC00AF96D6 /* SceneDelegate.swift */ = {isa = PBXFileReference; lastKnownFileType = sourcecode.swift; path = SceneDelegate.swift; sourceTree = "<group>"; };
		7E70E9D226166BFC00AF96D6 /* FolderViewController.swift */ = {isa = PBXFileReference; lastKnownFileType = sourcecode.swift; path = FolderViewController.swift; sourceTree = "<group>"; };
		7E70E9D526166BFC00AF96D6 /* Base */ = {isa = PBXFileReference; lastKnownFileType = file.storyboard; name = Base; path = Base.lproj/Main.storyboard; sourceTree = "<group>"; };
		7E70E9D726166BFD00AF96D6 /* Assets.xcassets */ = {isa = PBXFileReference; lastKnownFileType = folder.assetcatalog; path = Assets.xcassets; sourceTree = "<group>"; };
		7E70E9DA26166BFD00AF96D6 /* Base */ = {isa = PBXFileReference; lastKnownFileType = file.storyboard; name = Base; path = Base.lproj/LaunchScreen.storyboard; sourceTree = "<group>"; };
		7E70E9DC26166BFD00AF96D6 /* Info.plist */ = {isa = PBXFileReference; lastKnownFileType = text.plist.xml; path = Info.plist; sourceTree = "<group>"; };
		7E70E9E526166C1D00AF96D6 /* modelData.xcdatamodel */ = {isa = PBXFileReference; lastKnownFileType = wrapper.xcdatamodel; path = modelData.xcdatamodel; sourceTree = "<group>"; };
		7E861ADF2616718B00C75C41 /* Folder.swift */ = {isa = PBXFileReference; lastKnownFileType = sourcecode.swift; path = Folder.swift; sourceTree = "<group>"; };
/* End PBXFileReference section */

/* Begin PBXFrameworksBuildPhase section */
		7E70E9C826166BFC00AF96D6 /* Frameworks */ = {
			isa = PBXFrameworksBuildPhase;
			buildActionMask = 2147483647;
			files = (
			);
			runOnlyForDeploymentPostprocessing = 0;
		};
/* End PBXFrameworksBuildPhase section */

/* Begin PBXGroup section */
		7E51A81A261911FF000514CB /* Folder */ = {
			isa = PBXGroup;
			children = (
				7E51A80326170D92000514CB /* DataBaseLayer+ResultControllerDelegate.swift */,
				7E70E9D226166BFC00AF96D6 /* FolderViewController.swift */,
				7E51A7FF26170D87000514CB /* FolderModel.swift */,
			);
			path = Folder;
			sourceTree = "<group>";
		};
		7E51A81B2619121A000514CB /* TaskList */ = {
			isa = PBXGroup;
			children = (
				7E51A8252619B76E000514CB /* TaskCell */,
				7E51A80D2618AED6000514CB /* TaskListViewController.swift */,
				7E51A8132618E853000514CB /* ModelTaskList.swift */,
				7E51A817261911EC000514CB /* DatabaseLayerTaskList.swift */,
			);
			path = TaskList;
			sourceTree = "<group>";
		};
		7E51A8252619B76E000514CB /* TaskCell */ = {
			isa = PBXGroup;
			children = (
				7E51A8202619B764000514CB /* TaskCell.swift */,
				7E51A8212619B764000514CB /* TaskCell.xib */,
			);
			path = TaskCell;
			sourceTree = "<group>";
		};
		7E70E9C226166BFC00AF96D6 = {
			isa = PBXGroup;
			children = (
				7E70E9CD26166BFC00AF96D6 /* ToDoDatabase */,
				7E70E9CC26166BFC00AF96D6 /* Products */,
			);
			sourceTree = "<group>";
		};
		7E70E9CC26166BFC00AF96D6 /* Products */ = {
			isa = PBXGroup;
			children = (
				7E70E9CB26166BFC00AF96D6 /* ToDoDatabase.app */,
			);
			name = Products;
			sourceTree = "<group>";
		};
		7E70E9CD26166BFC00AF96D6 /* ToDoDatabase */ = {
			isa = PBXGroup;
			children = (
				7E70E9CE26166BFC00AF96D6 /* AppDelegate.swift */,
				7E70E9D026166BFC00AF96D6 /* SceneDelegate.swift */,
				7E51A7FC26167890000514CB /* Extensions.swift */,
				7E51A8102618C72B000514CB /* AlertViewController.swift */,
				7E70E9E326166C0700AF96D6 /* ModelsCoreData */,
				7E51A81A261911FF000514CB /* Folder */,
				7E51A81B2619121A000514CB /* TaskList */,
				7E70E9D426166BFC00AF96D6 /* Main.storyboard */,
				7E70E9D726166BFD00AF96D6 /* Assets.xcassets */,
				7E70E9D926166BFD00AF96D6 /* LaunchScreen.storyboard */,
				7E70E9DC26166BFD00AF96D6 /* Info.plist */,
			);
			path = ToDoDatabase;
			sourceTree = "<group>";
		};
		7E70E9E326166C0700AF96D6 /* ModelsCoreData */ = {
			isa = PBXGroup;
			children = (
				7E70E9E426166C1D00AF96D6 /* modelData.xcdatamodeld */,
				7E861ADF2616718B00C75C41 /* Folder.swift */,
				7E51A7F92616735D000514CB /* Task.swift */,
			);
			path = ModelsCoreData;
			sourceTree = "<group>";
		};
/* End PBXGroup section */

/* Begin PBXNativeTarget section */
		7E70E9CA26166BFC00AF96D6 /* ToDoDatabase */ = {
			isa = PBXNativeTarget;
			buildConfigurationList = 7E70E9DF26166BFD00AF96D6 /* Build configuration list for PBXNativeTarget "ToDoDatabase" */;
			buildPhases = (
				7E70E9C726166BFC00AF96D6 /* Sources */,
				7E70E9C826166BFC00AF96D6 /* Frameworks */,
				7E70E9C926166BFC00AF96D6 /* Resources */,
			);
			buildRules = (
			);
			dependencies = (
			);
			name = ToDoDatabase;
			productName = ToDoDatabase;
			productReference = 7E70E9CB26166BFC00AF96D6 /* ToDoDatabase.app */;
			productType = "com.apple.product-type.application";
		};
/* End PBXNativeTarget section */

/* Begin PBXProject section */
		7E70E9C326166BFC00AF96D6 /* Project object */ = {
			isa = PBXProject;
			attributes = {
				LastSwiftUpdateCheck = 1240;
				LastUpgradeCheck = 1240;
				TargetAttributes = {
					7E70E9CA26166BFC00AF96D6 = {
						CreatedOnToolsVersion = 12.4;
					};
				};
			};
			buildConfigurationList = 7E70E9C626166BFC00AF96D6 /* Build configuration list for PBXProject "ToDoDatabase" */;
			compatibilityVersion = "Xcode 9.3";
			developmentRegion = en;
			hasScannedForEncodings = 0;
			knownRegions = (
				en,
				Base,
			);
			mainGroup = 7E70E9C226166BFC00AF96D6;
			productRefGroup = 7E70E9CC26166BFC00AF96D6 /* Products */;
			projectDirPath = "";
			projectRoot = "";
			targets = (
				7E70E9CA26166BFC00AF96D6 /* ToDoDatabase */,
			);
		};
/* End PBXProject section */

/* Begin PBXResourcesBuildPhase section */
		7E70E9C926166BFC00AF96D6 /* Resources */ = {
			isa = PBXResourcesBuildPhase;
			buildActionMask = 2147483647;
			files = (
				7E51A8232619B764000514CB /* TaskCell.xib in Resources */,
				7E70E9DB26166BFD00AF96D6 /* LaunchScreen.storyboard in Resources */,
				7E70E9D826166BFD00AF96D6 /* Assets.xcassets in Resources */,
				7E70E9D626166BFC00AF96D6 /* Main.storyboard in Resources */,
			);
			runOnlyForDeploymentPostprocessing = 0;
		};
/* End PBXResourcesBuildPhase section */

/* Begin PBXSourcesBuildPhase section */
		7E70E9C726166BFC00AF96D6 /* Sources */ = {
			isa = PBXSourcesBuildPhase;
			buildActionMask = 2147483647;
			files = (
				7E70E9D326166BFC00AF96D6 /* FolderViewController.swift in Sources */,
				7E51A80426170D92000514CB /* DataBaseLayer+ResultControllerDelegate.swift in Sources */,
				7E861AE02616718B00C75C41 /* Folder.swift in Sources */,
				7E70E9E626166C1D00AF96D6 /* modelData.xcdatamodeld in Sources */,
				7E70E9CF26166BFC00AF96D6 /* AppDelegate.swift in Sources */,
				7E51A7FA2616735D000514CB /* Task.swift in Sources */,
				7E51A818261911EC000514CB /* DatabaseLayerTaskList.swift in Sources */,
				7E70E9D126166BFC00AF96D6 /* SceneDelegate.swift in Sources */,
				7E51A8222619B764000514CB /* TaskCell.swift in Sources */,
				7E51A8112618C72B000514CB /* AlertViewController.swift in Sources */,
				7E51A7FD26167890000514CB /* Extensions.swift in Sources */,
				7E51A80026170D87000514CB /* FolderModel.swift in Sources */,
				7E51A8142618E853000514CB /* ModelTaskList.swift in Sources */,
				7E51A80E2618AED6000514CB /* TaskListViewController.swift in Sources */,
			);
			runOnlyForDeploymentPostprocessing = 0;
		};
/* End PBXSourcesBuildPhase section */

/* Begin PBXVariantGroup section */
		7E70E9D426166BFC00AF96D6 /* Main.storyboard */ = {
			isa = PBXVariantGroup;
			children = (
				7E70E9D526166BFC00AF96D6 /* Base */,
			);
			name = Main.storyboard;
			sourceTree = "<group>";
		};
		7E70E9D926166BFD00AF96D6 /* LaunchScreen.storyboard */ = {
			isa = PBXVariantGroup;
			children = (
				7E70E9DA26166BFD00AF96D6 /* Base */,
			);
			name = LaunchScreen.storyboard;
			sourceTree = "<group>";
		};
/* End PBXVariantGroup section */

/* Begin XCBuildConfiguration section */
		7E70E9DD26166BFD00AF96D6 /* Debug */ = {
			isa = XCBuildConfiguration;
			buildSettings = {
				ALWAYS_SEARCH_USER_PATHS = NO;
				CLANG_ANALYZER_NONNULL = YES;
				CLANG_ANALYZER_NUMBER_OBJECT_CONVERSION = YES_AGGRESSIVE;
				CLANG_CXX_LANGUAGE_STANDARD = "gnu++14";
				CLANG_CXX_LIBRARY = "libc++";
				CLANG_ENABLE_MODULES = YES;
				CLANG_ENABLE_OBJC_ARC = YES;
				CLANG_ENABLE_OBJC_WEAK = YES;
				CLANG_WARN_BLOCK_CAPTURE_AUTORELEASING = YES;
				CLANG_WARN_BOOL_CONVERSION = YES;
				CLANG_WARN_COMMA = YES;
				CLANG_WARN_CONSTANT_CONVERSION = YES;
				CLANG_WARN_DEPRECATED_OBJC_IMPLEMENTATIONS = YES;
				CLANG_WARN_DIRECT_OBJC_ISA_USAGE = YES_ERROR;
				CLANG_WARN_DOCUMENTATION_COMMENTS = YES;
				CLANG_WARN_EMPTY_BODY = YES;
				CLANG_WARN_ENUM_CONVERSION = YES;
				CLANG_WARN_INFINITE_RECURSION = YES;
				CLANG_WARN_INT_CONVERSION = YES;
				CLANG_WARN_NON_LITERAL_NULL_CONVERSION = YES;
				CLANG_WARN_OBJC_IMPLICIT_RETAIN_SELF = YES;
				CLANG_WARN_OBJC_LITERAL_CONVERSION = YES;
				CLANG_WARN_OBJC_ROOT_CLASS = YES_ERROR;
				CLANG_WARN_QUOTED_INCLUDE_IN_FRAMEWORK_HEADER = YES;
				CLANG_WARN_RANGE_LOOP_ANALYSIS = YES;
				CLANG_WARN_STRICT_PROTOTYPES = YES;
				CLANG_WARN_SUSPICIOUS_MOVE = YES;
				CLANG_WARN_UNGUARDED_AVAILABILITY = YES_AGGRESSIVE;
				CLANG_WARN_UNREACHABLE_CODE = YES;
				CLANG_WARN__DUPLICATE_METHOD_MATCH = YES;
				COPY_PHASE_STRIP = NO;
				DEBUG_INFORMATION_FORMAT = dwarf;
				ENABLE_STRICT_OBJC_MSGSEND = YES;
				ENABLE_TESTABILITY = YES;
				GCC_C_LANGUAGE_STANDARD = gnu11;
				GCC_DYNAMIC_NO_PIC = NO;
				GCC_NO_COMMON_BLOCKS = YES;
				GCC_OPTIMIZATION_LEVEL = 0;
				GCC_PREPROCESSOR_DEFINITIONS = (
					"DEBUG=1",
					"$(inherited)",
				);
				GCC_WARN_64_TO_32_BIT_CONVERSION = YES;
				GCC_WARN_ABOUT_RETURN_TYPE = YES_ERROR;
				GCC_WARN_UNDECLARED_SELECTOR = YES;
				GCC_WARN_UNINITIALIZED_AUTOS = YES_AGGRESSIVE;
				GCC_WARN_UNUSED_FUNCTION = YES;
				GCC_WARN_UNUSED_VARIABLE = YES;
				IPHONEOS_DEPLOYMENT_TARGET = 14.4;
				MTL_ENABLE_DEBUG_INFO = INCLUDE_SOURCE;
				MTL_FAST_MATH = YES;
				ONLY_ACTIVE_ARCH = YES;
				SDKROOT = iphoneos;
				SWIFT_ACTIVE_COMPILATION_CONDITIONS = DEBUG;
				SWIFT_OPTIMIZATION_LEVEL = "-Onone";
			};
			name = Debug;
		};
		7E70E9DE26166BFD00AF96D6 /* Release */ = {
			isa = XCBuildConfiguration;
			buildSettings = {
				ALWAYS_SEARCH_USER_PATHS = NO;
				CLANG_ANALYZER_NONNULL = YES;
				CLANG_ANALYZER_NUMBER_OBJECT_CONVERSION = YES_AGGRESSIVE;
				CLANG_CXX_LANGUAGE_STANDARD = "gnu++14";
				CLANG_CXX_LIBRARY = "libc++";
				CLANG_ENABLE_MODULES = YES;
				CLANG_ENABLE_OBJC_ARC = YES;
				CLANG_ENABLE_OBJC_WEAK = YES;
				CLANG_WARN_BLOCK_CAPTURE_AUTORELEASING = YES;
				CLANG_WARN_BOOL_CONVERSION = YES;
				CLANG_WARN_COMMA = YES;
				CLANG_WARN_CONSTANT_CONVERSION = YES;
				CLANG_WARN_DEPRECATED_OBJC_IMPLEMENTATIONS = YES;
				CLANG_WARN_DIRECT_OBJC_ISA_USAGE = YES_ERROR;
				CLANG_WARN_DOCUMENTATION_COMMENTS = YES;
				CLANG_WARN_EMPTY_BODY = YES;
				CLANG_WARN_ENUM_CONVERSION = YES;
				CLANG_WARN_INFINITE_RECURSION = YES;
				CLANG_WARN_INT_CONVERSION = YES;
				CLANG_WARN_NON_LITERAL_NULL_CONVERSION = YES;
				CLANG_WARN_OBJC_IMPLICIT_RETAIN_SELF = YES;
				CLANG_WARN_OBJC_LITERAL_CONVERSION = YES;
				CLANG_WARN_OBJC_ROOT_CLASS = YES_ERROR;
				CLANG_WARN_QUOTED_INCLUDE_IN_FRAMEWORK_HEADER = YES;
				CLANG_WARN_RANGE_LOOP_ANALYSIS = YES;
				CLANG_WARN_STRICT_PROTOTYPES = YES;
				CLANG_WARN_SUSPICIOUS_MOVE = YES;
				CLANG_WARN_UNGUARDED_AVAILABILITY = YES_AGGRESSIVE;
				CLANG_WARN_UNREACHABLE_CODE = YES;
				CLANG_WARN__DUPLICATE_METHOD_MATCH = YES;
				COPY_PHASE_STRIP = NO;
				DEBUG_INFORMATION_FORMAT = "dwarf-with-dsym";
				ENABLE_NS_ASSERTIONS = NO;
				ENABLE_STRICT_OBJC_MSGSEND = YES;
				GCC_C_LANGUAGE_STANDARD = gnu11;
				GCC_NO_COMMON_BLOCKS = YES;
				GCC_WARN_64_TO_32_BIT_CONVERSION = YES;
				GCC_WARN_ABOUT_RETURN_TYPE = YES_ERROR;
				GCC_WARN_UNDECLARED_SELECTOR = YES;
				GCC_WARN_UNINITIALIZED_AUTOS = YES_AGGRESSIVE;
				GCC_WARN_UNUSED_FUNCTION = YES;
				GCC_WARN_UNUSED_VARIABLE = YES;
				IPHONEOS_DEPLOYMENT_TARGET = 14.4;
				MTL_ENABLE_DEBUG_INFO = NO;
				MTL_FAST_MATH = YES;
				SDKROOT = iphoneos;
				SWIFT_COMPILATION_MODE = wholemodule;
				SWIFT_OPTIMIZATION_LEVEL = "-O";
				VALIDATE_PRODUCT = YES;
			};
			name = Release;
		};
		7E70E9E026166BFD00AF96D6 /* Debug */ = {
			isa = XCBuildConfiguration;
			buildSettings = {
				ASSETCATALOG_COMPILER_APPICON_NAME = AppIcon;
				ASSETCATALOG_COMPILER_GLOBAL_ACCENT_COLOR_NAME = AccentColor;
				CODE_SIGN_STYLE = Automatic;
				DEVELOPMENT_TEAM = H5C9369377;
				INFOPLIST_FILE = ToDoDatabase/Info.plist;
				LD_RUNPATH_SEARCH_PATHS = (
					"$(inherited)",
					"@executable_path/Frameworks",
				);
				PRODUCT_BUNDLE_IDENTIFIER = "Evgenii-Chistiakov.ToDoDatabase";
				PRODUCT_NAME = "$(TARGET_NAME)";
				SWIFT_VERSION = 5.0;
				TARGETED_DEVICE_FAMILY = "1,2";
			};
			name = Debug;
		};
		7E70E9E126166BFD00AF96D6 /* Release */ = {
			isa = XCBuildConfiguration;
			buildSettings = {
				ASSETCATALOG_COMPILER_APPICON_NAME = AppIcon;
				ASSETCATALOG_COMPILER_GLOBAL_ACCENT_COLOR_NAME = AccentColor;
				CODE_SIGN_STYLE = Automatic;
				DEVELOPMENT_TEAM = H5C9369377;
				INFOPLIST_FILE = ToDoDatabase/Info.plist;
				LD_RUNPATH_SEARCH_PATHS = (
					"$(inherited)",
					"@executable_path/Frameworks",
				);
				PRODUCT_BUNDLE_IDENTIFIER = "Evgenii-Chistiakov.ToDoDatabase";
				PRODUCT_NAME = "$(TARGET_NAME)";
				SWIFT_VERSION = 5.0;
				TARGETED_DEVICE_FAMILY = "1,2";
			};
			name = Release;
		};
/* End XCBuildConfiguration section */

/* Begin XCConfigurationList section */
		7E70E9C626166BFC00AF96D6 /* Build configuration list for PBXProject "ToDoDatabase" */ = {
			isa = XCConfigurationList;
			buildConfigurations = (
				7E70E9DD26166BFD00AF96D6 /* Debug */,
				7E70E9DE26166BFD00AF96D6 /* Release */,
			);
			defaultConfigurationIsVisible = 0;
			defaultConfigurationName = Release;
		};
		7E70E9DF26166BFD00AF96D6 /* Build configuration list for PBXNativeTarget "ToDoDatabase" */ = {
			isa = XCConfigurationList;
			buildConfigurations = (
				7E70E9E026166BFD00AF96D6 /* Debug */,
				7E70E9E126166BFD00AF96D6 /* Release */,
			);
			defaultConfigurationIsVisible = 0;
			defaultConfigurationName = Release;
		};
/* End XCConfigurationList section */

/* Begin XCVersionGroup section */
		7E70E9E426166C1D00AF96D6 /* modelData.xcdatamodeld */ = {
			isa = XCVersionGroup;
			children = (
				7E70E9E526166C1D00AF96D6 /* modelData.xcdatamodel */,
			);
			currentVersion = 7E70E9E526166C1D00AF96D6 /* modelData.xcdatamodel */;
			path = modelData.xcdatamodeld;
			sourceTree = "<group>";
			versionGroupType = wrapper.xcdatamodel;
		};
/* End XCVersionGroup section */
	};
	rootObject = 7E70E9C326166BFC00AF96D6 /* Project object */;
}
